
Microsoft Visual Studio Solution File, Format Version 12.00
# Visual Studio Version 17
VisualStudioVersion = 17.8.34511.84
MinimumVisualStudioVersion = 10.0.40219.1
Project("{FAE04EC0-301F-11D3-BF4B-00C04F79EFBC}") = "MultiShop", "MultiShop\MultiShop.csproj", "{D0083334-32C5-4141-AA62-8B1131DDF87B}"
EndProject
Global
	GlobalSection(SolutionConfigurationPlatforms) = preSolution
		Debug|Any CPU = Debug|Any CPU
		Release|Any CPU = Release|Any CPU
	EndGlobalSection
	GlobalSection(ProjectConfigurationPlatforms) = postSolution
		{D0083334-32C5-4141-AA62-8B1131DDF87B}.Debug|Any CPU.ActiveCfg = Debug|Any CPU
		{D0083334-32C5-4141-AA62-8B1131DDF87B}.Debug|Any CPU.Build.0 = Debug|Any CPU
		{D0083334-32C5-4141-AA62-8B1131DDF87B}.Release|Any CPU.ActiveCfg = Release|Any CPU
		{D0083334-32C5-4141-AA62-8B1131DDF87B}.Release|Any CPU.Build.0 = Release|Any CPU
	EndGlobalSection
	GlobalSection(SolutionProperties) = preSolution
		HideSolutionNode = FALSE
	EndGlobalSection
	GlobalSection(ExtensibilityGlobals) = postSolution
		SolutionGuid = {8DA90D1E-C646-4137-A547-B20A830F2023}
	EndGlobalSection
EndGlobal
